
Microsoft Visual Studio Solution File, Format Version 12.00
# Visual Studio Version 17
VisualStudioVersion = 17.8.34330.188
MinimumVisualStudioVersion = 10.0.40219.1
Project("{FAE04EC0-301F-11D3-BF4B-00C04F79EFBC}") = "AACSharp_Assignment_Hello_World", "AACSharp_Assignment_Hello_World\AACSharp_Assignment_Hello_World.csproj", "{F966F76A-83EB-495C-93D8-3197305318BA}"
EndProject
Global
	GlobalSection(SolutionConfigurationPlatforms) = preSolution
		Debug|Any CPU = Debug|Any CPU
		Release|Any CPU = Release|Any CPU
	EndGlobalSection
	GlobalSection(ProjectConfigurationPlatforms) = postSolution
		{F966F76A-83EB-495C-93D8-3197305318BA}.Debug|Any CPU.ActiveCfg = Debug|Any CPU
		{F966F76A-83EB-495C-93D8-3197305318BA}.Debug|Any CPU.Build.0 = Debug|Any CPU
		{F966F76A-83EB-495C-93D8-3197305318BA}.Release|Any CPU.ActiveCfg = Release|Any CPU
		{F966F76A-83EB-495C-93D8-3197305318BA}.Release|Any CPU.Build.0 = Release|Any CPU
	EndGlobalSection
	GlobalSection(SolutionProperties) = preSolution
		HideSolutionNode = FALSE
	EndGlobalSection
	GlobalSection(ExtensibilityGlobals) = postSolution
		SolutionGuid = {1AD93B79-A01F-43FD-BE42-57533375AA1B}
	EndGlobalSection
EndGlobal
